
Microsoft Visual Studio Solution File, Format Version 12.00
# Visual Studio Version 16
VisualStudioVersion = 16.0.31005.135
MinimumVisualStudioVersion = 10.0.40219.1
Project("{FAE04EC0-301F-11D3-BF4B-00C04F79EFBC}") = "Ejercicio1AnalisisGuia6", "Ejercicio1AnalisisGuia6\Ejercicio1AnalisisGuia6.csproj", "{F8F1D4A5-4A75-4EE8-A8AB-C809147F427A}"
EndProject
Global
	GlobalSection(SolutionConfigurationPlatforms) = preSolution
		Debug|Any CPU = Debug|Any CPU
		Release|Any CPU = Release|Any CPU
	EndGlobalSection
	GlobalSection(ProjectConfigurationPlatforms) = postSolution
		{F8F1D4A5-4A75-4EE8-A8AB-C809147F427A}.Debug|Any CPU.ActiveCfg = Debug|Any CPU
		{F8F1D4A5-4A75-4EE8-A8AB-C809147F427A}.Debug|Any CPU.Build.0 = Debug|Any CPU
		{F8F1D4A5-4A75-4EE8-A8AB-C809147F427A}.Release|Any CPU.ActiveCfg = Release|Any CPU
		{F8F1D4A5-4A75-4EE8-A8AB-C809147F427A}.Release|Any CPU.Build.0 = Release|Any CPU
	EndGlobalSection
	GlobalSection(SolutionProperties) = preSolution
		HideSolutionNode = FALSE
	EndGlobalSection
	GlobalSection(ExtensibilityGlobals) = postSolution
		SolutionGuid = {BBBDBEC5-EC81-49CD-A7C4-87D872359A7C}
	EndGlobalSection
EndGlobal
